
Microsoft Visual Studio Solution File, Format Version 12.00
# Visual Studio Version 17
VisualStudioVersion = 17.9.34723.18
MinimumVisualStudioVersion = 10.0.40219.1
Project("{9A19103F-16F7-4668-BE54-9A1E7A4F7556}") = "WebTicketREA", "WebTicketREA\WebTicketREA.csproj", "{8CB6CF29-6B4A-4FEC-8411-D87054EA1D1D}"
EndProject
Project("{9A19103F-16F7-4668-BE54-9A1E7A4F7556}") = "ApiTicketREA", "ApiTicketREA\ApiTicketREA.csproj", "{755D75B6-F72A-4B42-BB09-C542790C2B91}"
EndProject
Global
	GlobalSection(SolutionConfigurationPlatforms) = preSolution
		Debug|Any CPU = Debug|Any CPU
		Release|Any CPU = Release|Any CPU
	EndGlobalSection
	GlobalSection(ProjectConfigurationPlatforms) = postSolution
		{8CB6CF29-6B4A-4FEC-8411-D87054EA1D1D}.Debug|Any CPU.ActiveCfg = Debug|Any CPU
		{8CB6CF29-6B4A-4FEC-8411-D87054EA1D1D}.Debug|Any CPU.Build.0 = Debug|Any CPU
		{8CB6CF29-6B4A-4FEC-8411-D87054EA1D1D}.Release|Any CPU.ActiveCfg = Release|Any CPU
		{8CB6CF29-6B4A-4FEC-8411-D87054EA1D1D}.Release|Any CPU.Build.0 = Release|Any CPU
		{755D75B6-F72A-4B42-BB09-C542790C2B91}.Debug|Any CPU.ActiveCfg = Debug|Any CPU
		{755D75B6-F72A-4B42-BB09-C542790C2B91}.Debug|Any CPU.Build.0 = Debug|Any CPU
		{755D75B6-F72A-4B42-BB09-C542790C2B91}.Release|Any CPU.ActiveCfg = Release|Any CPU
		{755D75B6-F72A-4B42-BB09-C542790C2B91}.Release|Any CPU.Build.0 = Release|Any CPU
	EndGlobalSection
	GlobalSection(SolutionProperties) = preSolution
		HideSolutionNode = FALSE
	EndGlobalSection
	GlobalSection(ExtensibilityGlobals) = postSolution
		SolutionGuid = {66752259-D75F-4A2D-9D90-2627F562D2A6}
	EndGlobalSection
EndGlobal
